
Microsoft Visual Studio Solution File, Format Version 12.00
# Visual Studio Version 17
VisualStudioVersion = 17.8.34322.80
MinimumVisualStudioVersion = 10.0.40219.1
Project("{8BC9CEB8-8B4A-11D0-8D11-00A0C91BC942}") = "RG_K2_P6", "RG_K2_P6\RG_K2_P6.vcxproj", "{8DC7834E-E179-46C9-AECA-C3C5BD70217A}"
EndProject
Global
	GlobalSection(SolutionConfigurationPlatforms) = preSolution
		Debug|x64 = Debug|x64
		Debug|x86 = Debug|x86
		Release|x64 = Release|x64
		Release|x86 = Release|x86
	EndGlobalSection
	GlobalSection(ProjectConfigurationPlatforms) = postSolution
		{8DC7834E-E179-46C9-AECA-C3C5BD70217A}.Debug|x64.ActiveCfg = Debug|x64
		{8DC7834E-E179-46C9-AECA-C3C5BD70217A}.Debug|x64.Build.0 = Debug|x64
		{8DC7834E-E179-46C9-AECA-C3C5BD70217A}.Debug|x86.ActiveCfg = Debug|Win32
		{8DC7834E-E179-46C9-AECA-C3C5BD70217A}.Debug|x86.Build.0 = Debug|Win32
		{8DC7834E-E179-46C9-AECA-C3C5BD70217A}.Release|x64.ActiveCfg = Release|x64
		{8DC7834E-E179-46C9-AECA-C3C5BD70217A}.Release|x64.Build.0 = Release|x64
		{8DC7834E-E179-46C9-AECA-C3C5BD70217A}.Release|x86.ActiveCfg = Release|Win32
		{8DC7834E-E179-46C9-AECA-C3C5BD70217A}.Release|x86.Build.0 = Release|Win32
	EndGlobalSection
	GlobalSection(SolutionProperties) = preSolution
		HideSolutionNode = FALSE
	EndGlobalSection
	GlobalSection(ExtensibilityGlobals) = postSolution
		SolutionGuid = {B45B5E47-46B5-4493-AAC6-48344E31E112}
	EndGlobalSection
EndGlobal
